
Microsoft Visual Studio Solution File, Format Version 12.00
# Visual Studio 15
VisualStudioVersion = 15.0.26124.0
MinimumVisualStudioVersion = 15.0.26124.0
Project("{2150E333-8FDC-42A3-9474-1A3956D46DE8}") = "src", "src", "{B350DEF4-3004-41A2-B2E9-54F706BEB144}"
EndProject
Project("{F2A71F9B-5D33-465A-A702-920D77279786}") = "somecli", "src\somecli\somecli.fsproj", "{E50793C7-B078-4780-9419-F3D2832E30DC}"
EndProject
Global
	GlobalSection(SolutionConfigurationPlatforms) = preSolution
		Debug|Any CPU = Debug|Any CPU
		Debug|x64 = Debug|x64
		Debug|x86 = Debug|x86
		Release|Any CPU = Release|Any CPU
		Release|x64 = Release|x64
		Release|x86 = Release|x86
	EndGlobalSection
	GlobalSection(SolutionProperties) = preSolution
		HideSolutionNode = FALSE
	EndGlobalSection
	GlobalSection(ProjectConfigurationPlatforms) = postSolution
		{E50793C7-B078-4780-9419-F3D2832E30DC}.Debug|Any CPU.ActiveCfg = Debug|Any CPU
		{E50793C7-B078-4780-9419-F3D2832E30DC}.Debug|Any CPU.Build.0 = Debug|Any CPU
		{E50793C7-B078-4780-9419-F3D2832E30DC}.Debug|x64.ActiveCfg = Debug|Any CPU
		{E50793C7-B078-4780-9419-F3D2832E30DC}.Debug|x64.Build.0 = Debug|Any CPU
		{E50793C7-B078-4780-9419-F3D2832E30DC}.Debug|x86.ActiveCfg = Debug|Any CPU
		{E50793C7-B078-4780-9419-F3D2832E30DC}.Debug|x86.Build.0 = Debug|Any CPU
		{E50793C7-B078-4780-9419-F3D2832E30DC}.Release|Any CPU.ActiveCfg = Release|Any CPU
		{E50793C7-B078-4780-9419-F3D2832E30DC}.Release|Any CPU.Build.0 = Release|Any CPU
		{E50793C7-B078-4780-9419-F3D2832E30DC}.Release|x64.ActiveCfg = Release|Any CPU
		{E50793C7-B078-4780-9419-F3D2832E30DC}.Release|x64.Build.0 = Release|Any CPU
		{E50793C7-B078-4780-9419-F3D2832E30DC}.Release|x86.ActiveCfg = Release|Any CPU
		{E50793C7-B078-4780-9419-F3D2832E30DC}.Release|x86.Build.0 = Release|Any CPU
	EndGlobalSection
	GlobalSection(NestedProjects) = preSolution
		{E50793C7-B078-4780-9419-F3D2832E30DC} = {B350DEF4-3004-41A2-B2E9-54F706BEB144}
	EndGlobalSection
EndGlobal
